
Microsoft Visual Studio Solution File, Format Version 12.00
# Visual Studio Version 16
VisualStudioVersion = 16.0.29911.84
MinimumVisualStudioVersion = 10.0.40219.1
Project("{9A19103F-16F7-4668-BE54-9A1E7A4F7556}") = "Test", "Test\Test.csproj", "{2C541617-2312-4769-B8A9-96E7B4501AC8}"
EndProject
Project("{2150E333-8FDC-42A3-9474-1A3956D46DE8}") = "Solution Items", "Solution Items", "{8096CFED-3708-468E-BF9D-3526C4E4558C}"
	ProjectSection(SolutionItems) = preProject
		LICENSE = LICENSE
		README.md = README.md
	EndProjectSection
EndProject
Project("{9A19103F-16F7-4668-BE54-9A1E7A4F7556}") = "BookApp.Domain.Books", "BookApp.Domain.Books\BookApp.Domain.Books.csproj", "{4714DDBB-58C3-403F-816B-3797A8E588B5}"
EndProject
Project("{9A19103F-16F7-4668-BE54-9A1E7A4F7556}") = "BookApp.Domain.Orders", "BookApp.Domain.Orders\BookApp.Domain.Orders.csproj", "{744EE105-41E9-48F5-85E0-8789D1D71BF2}"
EndProject
Project("{9A19103F-16F7-4668-BE54-9A1E7A4F7556}") = "BookApp.Infrastructure.Books.CachedValues", "BookApp.Infrastructure.Book.CachedValues\BookApp.Infrastructure.Books.CachedValues.csproj", "{87BF7583-7A2F-46D3-AC18-DEB4C60430E0}"
EndProject
Project("{9A19103F-16F7-4668-BE54-9A1E7A4F7556}") = "BookApp.Persistence.Common", "BookApp.Persistence.Common\BookApp.Persistence.Common.csproj", "{EF1AB29D-E92B-4E09-BAD8-37A9324FA5F7}"
EndProject
Project("{9A19103F-16F7-4668-BE54-9A1E7A4F7556}") = "BookApp.Persistence.EfCoreSql.Books", "BookApp.Persistance.EfCoreSql.Books\BookApp.Persistence.EfCoreSql.Books.csproj", "{FF70D8AD-D4F6-4724-A3DE-096DAF6282AF}"
EndProject
Project("{9A19103F-16F7-4668-BE54-9A1E7A4F7556}") = "BookApp.Persistence.EfCoreSql.Orders", "BookApp.Persistence.EfCoreSql.Orders\BookApp.Persistence.EfCoreSql.Orders.csproj", "{5E66E7E5-15E2-498D-B5C9-013F7C7A12B3}"
EndProject
Project("{9A19103F-16F7-4668-BE54-9A1E7A4F7556}") = "BookApp.Infrastructure.Books.Seeding", "BookApp.Infrastructure.Books.Seeding\BookApp.Infrastructure.Books.Seeding.csproj", "{75DFE18D-1A3E-4ADB-AC6B-CCC1DD468DDD}"
EndProject
Project("{9A19103F-16F7-4668-BE54-9A1E7A4F7556}") = "BookApp.ServiceLayer.DefaultSql.Books", "BookApp.ServiceLayer.DefaultSql.Books\BookApp.ServiceLayer.DefaultSql.Books.csproj", "{B4526D94-CB36-4B16-8021-81D4F25D3AA7}"
EndProject
Project("{9A19103F-16F7-4668-BE54-9A1E7A4F7556}") = "BookApp.UI", "BookApp.UI\BookApp.UI.csproj", "{322E577A-3A26-421A-9A70-9E9840614004}"
EndProject
Project("{9A19103F-16F7-4668-BE54-9A1E7A4F7556}") = "BookApp.Persistence.EfCoreSql.Orders.DbAccess", "BookApp.Persistence.EfCoreSql.Orders.DbAccess\BookApp.Persistence.EfCoreSql.Orders.DbAccess.csproj", "{E8EB82A8-5574-4820-A2FC-5EBBB7B321EB}"
EndProject
Project("{9A19103F-16F7-4668-BE54-9A1E7A4F7556}") = "BookApp.Infrastructure.LoggingServices", "BookApp.Infrastructure.LoggingServices\BookApp.Infrastructure.LoggingServices.csproj", "{8A683D41-1B98-4192-89E9-D25A90B45517}"
EndProject
Project("{9A19103F-16F7-4668-BE54-9A1E7A4F7556}") = "BookApp.ServiceLayer.EfCoreSql.Orders", "BookApp.ServiceLayer.EfCoreSql.Orders\BookApp.ServiceLayer.EfCoreSql.Orders.csproj", "{50B8E651-F8E2-42CF-B9E6-13DC0373B8D2}"
EndProject
Project("{9A19103F-16F7-4668-BE54-9A1E7A4F7556}") = "BookApp.ServiceLayer.CachedSql.Books", "BookApp.ServiceLayer.CachedSql.Books\BookApp.ServiceLayer.CachedSql.Books.csproj", "{6E86B52B-6B1A-4ED0-B436-A0453C0C0ABB}"
EndProject
Project("{9A19103F-16F7-4668-BE54-9A1E7A4F7556}") = "BookApp.ServiceLayer.DapperSql.Books", "BookApp.ServiceLayer.DapperSql.Books\BookApp.ServiceLayer.DapperSql.Books.csproj", "{8EFBE2F6-A5F5-4628-BE89-9FAEE1998213}"
EndProject
Project("{9A19103F-16F7-4668-BE54-9A1E7A4F7556}") = "BookApp.ServiceLayer.UdfsSql.Books", "BookApp.ServiceLayer.UdfsSql.Books\BookApp.ServiceLayer.UdfsSql.Books.csproj", "{6636514C-76C8-4CF4-919D-B2B61D4E3C64}"
EndProject
Project("{9A19103F-16F7-4668-BE54-9A1E7A4F7556}") = "BookApp.BackgroundTasks", "BookApp.BackgroundTasks\BookApp.BackgroundTasks.csproj", "{861A2BB1-5398-4018-92FB-FB50CB06BFF3}"
EndProject
Project("{9A19103F-16F7-4668-BE54-9A1E7A4F7556}") = "BookApp.Persistence.CosmosDb.Books", "BookApp.Persistence.CosmosDb.Books\BookApp.Persistence.CosmosDb.Books.csproj", "{BE6280EE-069F-46A9-9533-7808DC84132D}"
EndProject
Project("{9A19103F-16F7-4668-BE54-9A1E7A4F7556}") = "BookApp.Infrastructure.Books.CosmosDb", "BookApp.Infrastructure.Books.CosmosDb\BookApp.Infrastructure.Books.CosmosDb.csproj", "{A14973BD-DF20-4E76-8633-0D2EA3035D27}"
EndProject
Project("{9A19103F-16F7-4668-BE54-9A1E7A4F7556}") = "BookApp.ServiceLayer.CosmosEf.Books", "BookApp.ServiceLayer.CosmosEf.Books\BookApp.ServiceLayer.CosmosEf.Books.csproj", "{9D887A84-14AA-49AE-AD1C-075AE291F2C2}"
EndProject
Project("{9A19103F-16F7-4668-BE54-9A1E7A4F7556}") = "BookApp.ServiceLayer.CosmosDirect.Books", "BookApp.ServiceLayer.CosmosDirect.Books\BookApp.ServiceLayer.CosmosDirect.Books.csproj", "{8106DA87-FF8A-4288-A37C-31A564BCB393}"
EndProject
Project("{9A19103F-16F7-4668-BE54-9A1E7A4F7556}") = "BookApp.Infrastructure.AppParts", "BookApp.Infrastructure.AppParts\BookApp.Infrastructure.AppParts.csproj", "{C7999415-EDE0-4642-AA23-1FDF97E65C51}"
EndProject
Project("{9A19103F-16F7-4668-BE54-9A1E7A4F7556}") = "BookApp.BizLogic.Orders", "BookApp.BizLogic.Orders\BookApp.BizLogic.Orders.csproj", "{6FEDCFF9-1A4B-41E3-B2CB-47B018F84C22}"
EndProject
Project("{FAE04EC0-301F-11D3-BF4B-00C04F79EFBC}") = "BookApp.ServiceLayer.DisplayCommon.Books", "BookApp.ServiceLayer.DisplayCommon.Books\BookApp.ServiceLayer.DisplayCommon.Books.csproj", "{A3A41011-02A9-4210-AF31-6C21E883BD22}"
EndProject
Global
	GlobalSection(SolutionConfigurationPlatforms) = preSolution
		Debug|Any CPU = Debug|Any CPU
		Release|Any CPU = Release|Any CPU
	EndGlobalSection
	GlobalSection(ProjectConfigurationPlatforms) = postSolution
		{2C541617-2312-4769-B8A9-96E7B4501AC8}.Debug|Any CPU.ActiveCfg = Debug|Any CPU
		{2C541617-2312-4769-B8A9-96E7B4501AC8}.Debug|Any CPU.Build.0 = Debug|Any CPU
		{2C541617-2312-4769-B8A9-96E7B4501AC8}.Release|Any CPU.ActiveCfg = Release|Any CPU
		{2C541617-2312-4769-B8A9-96E7B4501AC8}.Release|Any CPU.Build.0 = Release|Any CPU
		{4714DDBB-58C3-403F-816B-3797A8E588B5}.Debug|Any CPU.ActiveCfg = Debug|Any CPU
		{4714DDBB-58C3-403F-816B-3797A8E588B5}.Debug|Any CPU.Build.0 = Debug|Any CPU
		{4714DDBB-58C3-403F-816B-3797A8E588B5}.Release|Any CPU.ActiveCfg = Release|Any CPU
		{4714DDBB-58C3-403F-816B-3797A8E588B5}.Release|Any CPU.Build.0 = Release|Any CPU
		{744EE105-41E9-48F5-85E0-8789D1D71BF2}.Debug|Any CPU.ActiveCfg = Debug|Any CPU
		{744EE105-41E9-48F5-85E0-8789D1D71BF2}.Debug|Any CPU.Build.0 = Debug|Any CPU
		{744EE105-41E9-48F5-85E0-8789D1D71BF2}.Release|Any CPU.ActiveCfg = Release|Any CPU
		{744EE105-41E9-48F5-85E0-8789D1D71BF2}.Release|Any CPU.Build.0 = Release|Any CPU
		{87BF7583-7A2F-46D3-AC18-DEB4C60430E0}.Debug|Any CPU.ActiveCfg = Debug|Any CPU
		{87BF7583-7A2F-46D3-AC18-DEB4C60430E0}.Debug|Any CPU.Build.0 = Debug|Any CPU
		{87BF7583-7A2F-46D3-AC18-DEB4C60430E0}.Release|Any CPU.ActiveCfg = Release|Any CPU
		{87BF7583-7A2F-46D3-AC18-DEB4C60430E0}.Release|Any CPU.Build.0 = Release|Any CPU
		{EF1AB29D-E92B-4E09-BAD8-37A9324FA5F7}.Debug|Any CPU.ActiveCfg = Debug|Any CPU
		{EF1AB29D-E92B-4E09-BAD8-37A9324FA5F7}.Debug|Any CPU.Build.0 = Debug|Any CPU
		{EF1AB29D-E92B-4E09-BAD8-37A9324FA5F7}.Release|Any CPU.ActiveCfg = Release|Any CPU
		{EF1AB29D-E92B-4E09-BAD8-37A9324FA5F7}.Release|Any CPU.Build.0 = Release|Any CPU
		{FF70D8AD-D4F6-4724-A3DE-096DAF6282AF}.Debug|Any CPU.ActiveCfg = Debug|Any CPU
		{FF70D8AD-D4F6-4724-A3DE-096DAF6282AF}.Debug|Any CPU.Build.0 = Debug|Any CPU
		{FF70D8AD-D4F6-4724-A3DE-096DAF6282AF}.Release|Any CPU.ActiveCfg = Release|Any CPU
		{FF70D8AD-D4F6-4724-A3DE-096DAF6282AF}.Release|Any CPU.Build.0 = Release|Any CPU
		{5E66E7E5-15E2-498D-B5C9-013F7C7A12B3}.Debug|Any CPU.ActiveCfg = Debug|Any CPU
		{5E66E7E5-15E2-498D-B5C9-013F7C7A12B3}.Debug|Any CPU.Build.0 = Debug|Any CPU
		{5E66E7E5-15E2-498D-B5C9-013F7C7A12B3}.Release|Any CPU.ActiveCfg = Release|Any CPU
		{5E66E7E5-15E2-498D-B5C9-013F7C7A12B3}.Release|Any CPU.Build.0 = Release|Any CPU
		{75DFE18D-1A3E-4ADB-AC6B-CCC1DD468DDD}.Debug|Any CPU.ActiveCfg = Debug|Any CPU
		{75DFE18D-1A3E-4ADB-AC6B-CCC1DD468DDD}.Debug|Any CPU.Build.0 = Debug|Any CPU
		{75DFE18D-1A3E-4ADB-AC6B-CCC1DD468DDD}.Release|Any CPU.ActiveCfg = Release|Any CPU
		{75DFE18D-1A3E-4ADB-AC6B-CCC1DD468DDD}.Release|Any CPU.Build.0 = Release|Any CPU
		{B4526D94-CB36-4B16-8021-81D4F25D3AA7}.Debug|Any CPU.ActiveCfg = Debug|Any CPU
		{B4526D94-CB36-4B16-8021-81D4F25D3AA7}.Debug|Any CPU.Build.0 = Debug|Any CPU
		{B4526D94-CB36-4B16-8021-81D4F25D3AA7}.Release|Any CPU.ActiveCfg = Release|Any CPU
		{B4526D94-CB36-4B16-8021-81D4F25D3AA7}.Release|Any CPU.Build.0 = Release|Any CPU
		{322E577A-3A26-421A-9A70-9E9840614004}.Debug|Any CPU.ActiveCfg = Debug|Any CPU
		{322E577A-3A26-421A-9A70-9E9840614004}.Debug|Any CPU.Build.0 = Debug|Any CPU
		{322E577A-3A26-421A-9A70-9E9840614004}.Release|Any CPU.ActiveCfg = Release|Any CPU
		{322E577A-3A26-421A-9A70-9E9840614004}.Release|Any CPU.Build.0 = Release|Any CPU
		{E8EB82A8-5574-4820-A2FC-5EBBB7B321EB}.Debug|Any CPU.ActiveCfg = Debug|Any CPU
		{E8EB82A8-5574-4820-A2FC-5EBBB7B321EB}.Debug|Any CPU.Build.0 = Debug|Any CPU
		{E8EB82A8-5574-4820-A2FC-5EBBB7B321EB}.Release|Any CPU.ActiveCfg = Release|Any CPU
		{E8EB82A8-5574-4820-A2FC-5EBBB7B321EB}.Release|Any CPU.Build.0 = Release|Any CPU
		{8A683D41-1B98-4192-89E9-D25A90B45517}.Debug|Any CPU.ActiveCfg = Debug|Any CPU
		{8A683D41-1B98-4192-89E9-D25A90B45517}.Debug|Any CPU.Build.0 = Debug|Any CPU
		{8A683D41-1B98-4192-89E9-D25A90B45517}.Release|Any CPU.ActiveCfg = Release|Any CPU
		{8A683D41-1B98-4192-89E9-D25A90B45517}.Release|Any CPU.Build.0 = Release|Any CPU
		{50B8E651-F8E2-42CF-B9E6-13DC0373B8D2}.Debug|Any CPU.ActiveCfg = Debug|Any CPU
		{50B8E651-F8E2-42CF-B9E6-13DC0373B8D2}.Debug|Any CPU.Build.0 = Debug|Any CPU
		{50B8E651-F8E2-42CF-B9E6-13DC0373B8D2}.Release|Any CPU.ActiveCfg = Release|Any CPU
		{50B8E651-F8E2-42CF-B9E6-13DC0373B8D2}.Release|Any CPU.Build.0 = Release|Any CPU
		{6E86B52B-6B1A-4ED0-B436-A0453C0C0ABB}.Debug|Any CPU.ActiveCfg = Debug|Any CPU
		{6E86B52B-6B1A-4ED0-B436-A0453C0C0ABB}.Debug|Any CPU.Build.0 = Debug|Any CPU
		{6E86B52B-6B1A-4ED0-B436-A0453C0C0ABB}.Release|Any CPU.ActiveCfg = Release|Any CPU
		{6E86B52B-6B1A-4ED0-B436-A0453C0C0ABB}.Release|Any CPU.Build.0 = Release|Any CPU
		{8EFBE2F6-A5F5-4628-BE89-9FAEE1998213}.Debug|Any CPU.ActiveCfg = Debug|Any CPU
		{8EFBE2F6-A5F5-4628-BE89-9FAEE1998213}.Debug|Any CPU.Build.0 = Debug|Any CPU
		{8EFBE2F6-A5F5-4628-BE89-9FAEE1998213}.Release|Any CPU.ActiveCfg = Release|Any CPU
		{8EFBE2F6-A5F5-4628-BE89-9FAEE1998213}.Release|Any CPU.Build.0 = Release|Any CPU
		{6636514C-76C8-4CF4-919D-B2B61D4E3C64}.Debug|Any CPU.ActiveCfg = Debug|Any CPU
		{6636514C-76C8-4CF4-919D-B2B61D4E3C64}.Debug|Any CPU.Build.0 = Debug|Any CPU
		{6636514C-76C8-4CF4-919D-B2B61D4E3C64}.Release|Any CPU.ActiveCfg = Release|Any CPU
		{6636514C-76C8-4CF4-919D-B2B61D4E3C64}.Release|Any CPU.Build.0 = Release|Any CPU
		{861A2BB1-5398-4018-92FB-FB50CB06BFF3}.Debug|Any CPU.ActiveCfg = Debug|Any CPU
		{861A2BB1-5398-4018-92FB-FB50CB06BFF3}.Debug|Any CPU.Build.0 = Debug|Any CPU
		{861A2BB1-5398-4018-92FB-FB50CB06BFF3}.Release|Any CPU.ActiveCfg = Release|Any CPU
		{861A2BB1-5398-4018-92FB-FB50CB06BFF3}.Release|Any CPU.Build.0 = Release|Any CPU
		{BE6280EE-069F-46A9-9533-7808DC84132D}.Debug|Any CPU.ActiveCfg = Debug|Any CPU
		{BE6280EE-069F-46A9-9533-7808DC84132D}.Debug|Any CPU.Build.0 = Debug|Any CPU
		{BE6280EE-069F-46A9-9533-7808DC84132D}.Release|Any CPU.ActiveCfg = Release|Any CPU
		{BE6280EE-069F-46A9-9533-7808DC84132D}.Release|Any CPU.Build.0 = Release|Any CPU
		{A14973BD-DF20-4E76-8633-0D2EA3035D27}.Debug|Any CPU.ActiveCfg = Debug|Any CPU
		{A14973BD-DF20-4E76-8633-0D2EA3035D27}.Debug|Any CPU.Build.0 = Debug|Any CPU
		{A14973BD-DF20-4E76-8633-0D2EA3035D27}.Release|Any CPU.ActiveCfg = Release|Any CPU
		{A14973BD-DF20-4E76-8633-0D2EA3035D27}.Release|Any CPU.Build.0 = Release|Any CPU
		{9D887A84-14AA-49AE-AD1C-075AE291F2C2}.Debug|Any CPU.ActiveCfg = Debug|Any CPU
		{9D887A84-14AA-49AE-AD1C-075AE291F2C2}.Debug|Any CPU.Build.0 = Debug|Any CPU
		{9D887A84-14AA-49AE-AD1C-075AE291F2C2}.Release|Any CPU.ActiveCfg = Release|Any CPU
		{9D887A84-14AA-49AE-AD1C-075AE291F2C2}.Release|Any CPU.Build.0 = Release|Any CPU
		{8106DA87-FF8A-4288-A37C-31A564BCB393}.Debug|Any CPU.ActiveCfg = Debug|Any CPU
		{8106DA87-FF8A-4288-A37C-31A564BCB393}.Debug|Any CPU.Build.0 = Debug|Any CPU
		{8106DA87-FF8A-4288-A37C-31A564BCB393}.Release|Any CPU.ActiveCfg = Release|Any CPU
		{8106DA87-FF8A-4288-A37C-31A564BCB393}.Release|Any CPU.Build.0 = Release|Any CPU
		{C7999415-EDE0-4642-AA23-1FDF97E65C51}.Debug|Any CPU.ActiveCfg = Debug|Any CPU
		{C7999415-EDE0-4642-AA23-1FDF97E65C51}.Debug|Any CPU.Build.0 = Debug|Any CPU
		{C7999415-EDE0-4642-AA23-1FDF97E65C51}.Release|Any CPU.ActiveCfg = Release|Any CPU
		{C7999415-EDE0-4642-AA23-1FDF97E65C51}.Release|Any CPU.Build.0 = Release|Any CPU
		{6FEDCFF9-1A4B-41E3-B2CB-47B018F84C22}.Debug|Any CPU.ActiveCfg = Debug|Any CPU
		{6FEDCFF9-1A4B-41E3-B2CB-47B018F84C22}.Debug|Any CPU.Build.0 = Debug|Any CPU
		{6FEDCFF9-1A4B-41E3-B2CB-47B018F84C22}.Release|Any CPU.ActiveCfg = Release|Any CPU
		{6FEDCFF9-1A4B-41E3-B2CB-47B018F84C22}.Release|Any CPU.Build.0 = Release|Any CPU
		{A3A41011-02A9-4210-AF31-6C21E883BD22}.Debug|Any CPU.ActiveCfg = Debug|Any CPU
		{A3A41011-02A9-4210-AF31-6C21E883BD22}.Debug|Any CPU.Build.0 = Debug|Any CPU
		{A3A41011-02A9-4210-AF31-6C21E883BD22}.Release|Any CPU.ActiveCfg = Release|Any CPU
		{A3A41011-02A9-4210-AF31-6C21E883BD22}.Release|Any CPU.Build.0 = Release|Any CPU
	EndGlobalSection
	GlobalSection(SolutionProperties) = preSolution
		HideSolutionNode = FALSE
	EndGlobalSection
	GlobalSection(ExtensibilityGlobals) = postSolution
		SolutionGuid = {D1AE6C82-05D0-46A0-BF0E-7C962AAC6F1F}
	EndGlobalSection
EndGlobal
